
Microsoft Visual Studio Solution File, Format Version 12.00
# Visual Studio 15
VisualStudioVersion = 15.0.28010.2046
MinimumVisualStudioVersion = 10.0.40219.1
Project("{FAE04EC0-301F-11D3-BF4B-00C04F79EFBC}") = "MineVision.WPF", "MineVision.WPF\MineVision.WPF.csproj", "{C5EF3672-15F8-4F23-8AAF-84746259AD96}"
EndProject
Project("{FAE04EC0-301F-11D3-BF4B-00C04F79EFBC}") = "MineVision.Blocks", "MineVision.Blocks\MineVision.Blocks.csproj", "{A5DCE648-5211-49F4-A3F7-3D8696BE955C}"
EndProject
Global
	GlobalSection(SolutionConfigurationPlatforms) = preSolution
		Debug|Any CPU = Debug|Any CPU
		Release|Any CPU = Release|Any CPU
	EndGlobalSection
	GlobalSection(ProjectConfigurationPlatforms) = postSolution
		{C5EF3672-15F8-4F23-8AAF-84746259AD96}.Debug|Any CPU.ActiveCfg = Debug|Any CPU
		{C5EF3672-15F8-4F23-8AAF-84746259AD96}.Debug|Any CPU.Build.0 = Debug|Any CPU
		{C5EF3672-15F8-4F23-8AAF-84746259AD96}.Release|Any CPU.ActiveCfg = Release|Any CPU
		{C5EF3672-15F8-4F23-8AAF-84746259AD96}.Release|Any CPU.Build.0 = Release|Any CPU
		{A5DCE648-5211-49F4-A3F7-3D8696BE955C}.Debug|Any CPU.ActiveCfg = Debug|Any CPU
		{A5DCE648-5211-49F4-A3F7-3D8696BE955C}.Debug|Any CPU.Build.0 = Debug|Any CPU
		{A5DCE648-5211-49F4-A3F7-3D8696BE955C}.Release|Any CPU.ActiveCfg = Release|Any CPU
		{A5DCE648-5211-49F4-A3F7-3D8696BE955C}.Release|Any CPU.Build.0 = Release|Any CPU
	EndGlobalSection
	GlobalSection(SolutionProperties) = preSolution
		HideSolutionNode = FALSE
	EndGlobalSection
	GlobalSection(ExtensibilityGlobals) = postSolution
		SolutionGuid = {F3E8C207-15C3-4907-969A-256EE3889F72}
	EndGlobalSection
EndGlobal
